# This file is automatically @generated by Cargo.
# It is not intended for manual editing.
version = 3

[[package]]
name = "crate-install-test"
version = "0.1.0"
dependencies = [
 "crate-test-1",
 "crate-test-2",
]

[[package]]
name = "crate-test-1"
version = "1.1.0"
source = "git+https://github.com/booink/public-crate?tag=v1.1.0#ae764159e1281619fb51035ec93f08826cd50c74"

[[package]]
name = "crate-test-2"
version = "1.0.0"
source = "git+https://github.com/booink/public-crate?tag=v1.1.0#ae764159e1281619fb51035ec93f08826cd50c74"
